{
  "name": "converter",
  "version": "1.0.0",
  "lockfileVersion": 3,
  "requires": true,
  "packages": {
    "": {
      "name": "converter",
      "version": "1.0.0",
      "license": "ISC",
      "dependencies": {
        "kaalin": "^1.9.3"
      }
    },
    "node_modules/kaalin": {
      "version": "1.9.3",
      "resolved": "https://registry.npmjs.org/kaalin/-/kaalin-1.9.3.tgz",
      "integrity": "sha512-Fi7NYv22X36PcvMqRHaSaedajNaHc4I2gXrfINcbPJQfix9Hn9EvWjPI6sUg5qZySw5JWWGsRbdx3Xf+NHHB+g==",
      "license": "MIT"
    }
  }
}
